// !$*UTF8*$!
{
	archiveVersion = 1;
	classes = {
	};
	objectVersion = 50;
	objects = {

/* Begin PBXBuildFile section */
		186C34DA2087A75B0063741D /* AppDelegate.swift in Sources */ = {isa = PBXBuildFile; fileRef = 186C34D92087A75B0063741D /* AppDelegate.swift */; };
		186C34DC2087A75B0063741D /* ViewController.swift in Sources */ = {isa = PBXBuildFile; fileRef = 186C34DB2087A75B0063741D /* ViewController.swift */; };
		186C34DF2087A75B0063741D /* Main.storyboard in Resources */ = {isa = PBXBuildFile; fileRef = 186C34DD2087A75B0063741D /* Main.storyboard */; };
		186C34E12087A75D0063741D /* Assets.xcassets in Resources */ = {isa = PBXBuildFile; fileRef = 186C34E02087A75D0063741D /* Assets.xcassets */; };
		186C34E42087A75D0063741D /* LaunchScreen.storyboard in Resources */ = {isa = PBXBuildFile; fileRef = 186C34E22087A75D0063741D /* LaunchScreen.storyboard */; };
		186C34EC2087ACDB0063741D /* LoginViewModel.swift in Sources */ = {isa = PBXBuildFile; fileRef = 186C34EB2087ACDB0063741D /* LoginViewModel.swift */; };
		AC0F40917D33003C3BCD00F4 /* Pods_login_RxSwift.framework in Frameworks */ = {isa = PBXBuildFile; fileRef = 1D7B9EC531A68A71C0DE7E37 /* Pods_login_RxSwift.framework */; };
/* End PBXBuildFile section */

/* Begin PBXFileReference section */
		186C34D62087A75B0063741D /* login_RxSwift.app */ = {isa = PBXFileReference; explicitFileType = wrapper.application; includeInIndex = 0; path = login_RxSwift.app; sourceTree = BUILT_PRODUCTS_DIR; };
		186C34D92087A75B0063741D /* AppDelegate.swift */ = {isa = PBXFileReference; lastKnownFileType = sourcecode.swift; path = AppDelegate.swift; sourceTree = "<group>"; };
		186C34DB2087A75B0063741D /* ViewController.swift */ = {isa = PBXFileReference; lastKnownFileType = sourcecode.swift; path = ViewController.swift; sourceTree = "<group>"; };
		186C34DE2087A75B0063741D /* Base */ = {isa = PBXFileReference; lastKnownFileType = file.storyboard; name = Base; path = Base.lproj/Main.storyboard; sourceTree = "<group>"; };
		186C34E02087A75D0063741D /* Assets.xcassets */ = {isa = PBXFileReference; lastKnownFileType = folder.assetcatalog; path = Assets.xcassets; sourceTree = "<group>"; };
		186C34E32087A75D0063741D /* Base */ = {isa = PBXFileReference; lastKnownFileType = file.storyboard; name = Base; path = Base.lproj/LaunchScreen.storyboard; sourceTree = "<group>"; };
		186C34E52087A75D0063741D /* Info.plist */ = {isa = PBXFileReference; lastKnownFileType = text.plist.xml; path = Info.plist; sourceTree = "<group>"; };
		186C34EB2087ACDB0063741D /* LoginViewModel.swift */ = {isa = PBXFileReference; lastKnownFileType = sourcecode.swift; path = LoginViewModel.swift; sourceTree = "<group>"; };
		1D7B9EC531A68A71C0DE7E37 /* Pods_login_RxSwift.framework */ = {isa = PBXFileReference; explicitFileType = wrapper.framework; includeInIndex = 0; path = Pods_login_RxSwift.framework; sourceTree = BUILT_PRODUCTS_DIR; };
		86ED42E9C3932914C7C8FD26 /* Pods-login_RxSwift.debug.xcconfig */ = {isa = PBXFileReference; includeInIndex = 1; lastKnownFileType = text.xcconfig; name = "Pods-login_RxSwift.debug.xcconfig"; path = "Pods/Target Support Files/Pods-login_RxSwift/Pods-login_RxSwift.debug.xcconfig"; sourceTree = "<group>"; };
		FC7B805A1E701AD7E4324E82 /* Pods-login_RxSwift.release.xcconfig */ = {isa = PBXFileReference; includeInIndex = 1; lastKnownFileType = text.xcconfig; name = "Pods-login_RxSwift.release.xcconfig"; path = "Pods/Target Support Files/Pods-login_RxSwift/Pods-login_RxSwift.release.xcconfig"; sourceTree = "<group>"; };
/* End PBXFileReference section */

/* Begin PBXFrameworksBuildPhase section */
		186C34D32087A75B0063741D /* Frameworks */ = {
			isa = PBXFrameworksBuildPhase;
			buildActionMask = 2147483647;
			files = (
				AC0F40917D33003C3BCD00F4 /* Pods_login_RxSwift.framework in Frameworks */,
			);
			runOnlyForDeploymentPostprocessing = 0;
		};
/* End PBXFrameworksBuildPhase section */

/* Begin PBXGroup section */
		186C34CD2087A75B0063741D = {
			isa = PBXGroup;
			children = (
				186C34D82087A75B0063741D /* login_RxSwift */,
				186C34D72087A75B0063741D /* Products */,
				8CF7BBE11B35A9503245E789 /* Pods */,
				AC85703A85D4DDFF7D97520E /* Frameworks */,
			);
			sourceTree = "<group>";
		};
		186C34D72087A75B0063741D /* Products */ = {
			isa = PBXGroup;
			children = (
				186C34D62087A75B0063741D /* login_RxSwift.app */,
			);
			name = Products;
			sourceTree = "<group>";
		};
		186C34D82087A75B0063741D /* login_RxSwift */ = {
			isa = PBXGroup;
			children = (
				186C34D92087A75B0063741D /* AppDelegate.swift */,
				186C34DB2087A75B0063741D /* ViewController.swift */,
				186C34EB2087ACDB0063741D /* LoginViewModel.swift */,
				186C34DD2087A75B0063741D /* Main.storyboard */,
				186C34E02087A75D0063741D /* Assets.xcassets */,
				186C34E22087A75D0063741D /* LaunchScreen.storyboard */,
				186C34E52087A75D0063741D /* Info.plist */,
			);
			path = login_RxSwift;
			sourceTree = "<group>";
		};
		8CF7BBE11B35A9503245E789 /* Pods */ = {
			isa = PBXGroup;
			children = (
				86ED42E9C3932914C7C8FD26 /* Pods-login_RxSwift.debug.xcconfig */,
				FC7B805A1E701AD7E4324E82 /* Pods-login_RxSwift.release.xcconfig */,
			);
			name = Pods;
			sourceTree = "<group>";
		};
		AC85703A85D4DDFF7D97520E /* Frameworks */ = {
			isa = PBXGroup;
			children = (
				1D7B9EC531A68A71C0DE7E37 /* Pods_login_RxSwift.framework */,
			);
			name = Frameworks;
			sourceTree = "<group>";
		};
/* End PBXGroup section */

/* Begin PBXNativeTarget section */
		186C34D52087A75B0063741D /* login_RxSwift */ = {
			isa = PBXNativeTarget;
			buildConfigurationList = 186C34E82087A75D0063741D /* Build configuration list for PBXNativeTarget "login_RxSwift" */;
			buildPhases = (
				C629859D756F5E32101874B6 /* [CP] Check Pods Manifest.lock */,
				186C34D22087A75B0063741D /* Sources */,
				186C34D32087A75B0063741D /* Frameworks */,
				186C34D42087A75B0063741D /* Resources */,
				91D2E2EFBC9A49BE682A7365 /* [CP] Embed Pods Frameworks */,
			);
			buildRules = (
			);
			dependencies = (
			);
			name = login_RxSwift;
			productName = login_RxSwift;
			productReference = 186C34D62087A75B0063741D /* login_RxSwift.app */;
			productType = "com.apple.product-type.application";
		};
/* End PBXNativeTarget section */

/* Begin PBXProject section */
		186C34CE2087A75B0063741D /* Project object */ = {
			isa = PBXProject;
			attributes = {
				LastSwiftUpdateCheck = 0930;
				LastUpgradeCheck = 0930;
				ORGANIZATIONNAME = lccj;
				TargetAttributes = {
					186C34D52087A75B0063741D = {
						CreatedOnToolsVersion = 9.3;
					};
				};
			};
			buildConfigurationList = 186C34D12087A75B0063741D /* Build configuration list for PBXProject "login_RxSwift" */;
			compatibilityVersion = "Xcode 9.3";
			developmentRegion = en;
			hasScannedForEncodings = 0;
			knownRegions = (
				en,
				Base,
			);
			mainGroup = 186C34CD2087A75B0063741D;
			productRefGroup = 186C34D72087A75B0063741D /* Products */;
			projectDirPath = "";
			projectRoot = "";
			targets = (
				186C34D52087A75B0063741D /* login_RxSwift */,
			);
		};
/* End PBXProject section */

/* Begin PBXResourcesBuildPhase section */
		186C34D42087A75B0063741D /* Resources */ = {
			isa = PBXResourcesBuildPhase;
			buildActionMask = 2147483647;
			files = (
				186C34E42087A75D0063741D /* LaunchScreen.storyboard in Resources */,
				186C34E12087A75D0063741D /* Assets.xcassets in Resources */,
				186C34DF2087A75B0063741D /* Main.storyboard in Resources */,
			);
			runOnlyForDeploymentPostprocessing = 0;
		};
/* End PBXResourcesBuildPhase section */

/* Begin PBXShellScriptBuildPhase section */
		91D2E2EFBC9A49BE682A7365 /* [CP] Embed Pods Frameworks */ = {
			isa = PBXShellScriptBuildPhase;
			buildActionMask = 2147483647;
			files = (
			);
			inputPaths = (
				"${SRCROOT}/Pods/Target Support Files/Pods-login_RxSwift/Pods-login_RxSwift-frameworks.sh",
				"${BUILT_PRODUCTS_DIR}/RxCocoa/RxCocoa.framework",
				"${BUILT_PRODUCTS_DIR}/RxSwift/RxSwift.framework",
			);
			name = "[CP] Embed Pods Frameworks";
			outputPaths = (
				"${TARGET_BUILD_DIR}/${FRAMEWORKS_FOLDER_PATH}/RxCocoa.framework",
				"${TARGET_BUILD_DIR}/${FRAMEWORKS_FOLDER_PATH}/RxSwift.framework",
			);
			runOnlyForDeploymentPostprocessing = 0;
			shellPath = /bin/sh;
			shellScript = "\"${SRCROOT}/Pods/Target Support Files/Pods-login_RxSwift/Pods-login_RxSwift-frameworks.sh\"\n";
			showEnvVarsInLog = 0;
		};
		C629859D756F5E32101874B6 /* [CP] Check Pods Manifest.lock */ = {
			isa = PBXShellScriptBuildPhase;
			buildActionMask = 2147483647;
			files = (
			);
			inputPaths = (
				"${PODS_PODFILE_DIR_PATH}/Podfile.lock",
				"${PODS_ROOT}/Manifest.lock",
			);
			name = "[CP] Check Pods Manifest.lock";
			outputPaths = (
				"$(DERIVED_FILE_DIR)/Pods-login_RxSwift-checkManifestLockResult.txt",
			);
			runOnlyForDeploymentPostprocessing = 0;
			shellPath = /bin/sh;
			shellScript = "diff \"${PODS_PODFILE_DIR_PATH}/Podfile.lock\" \"${PODS_ROOT}/Manifest.lock\" > /dev/null\nif [ $? != 0 ] ; then\n    # print error to STDERR\n    echo \"error: The sandbox is not in sync with the Podfile.lock. Run 'pod install' or update your CocoaPods installation.\" >&2\n    exit 1\nfi\n# This output is used by Xcode 'outputs' to avoid re-running this script phase.\necho \"SUCCESS\" > \"${SCRIPT_OUTPUT_FILE_0}\"\n";
			showEnvVarsInLog = 0;
		};
/* End PBXShellScriptBuildPhase section */

/* Begin PBXSourcesBuildPhase section */
		186C34D22087A75B0063741D /* Sources */ = {
			isa = PBXSourcesBuildPhase;
			buildActionMask = 2147483647;
			files = (
				186C34DC2087A75B0063741D /* ViewController.swift in Sources */,
				186C34DA2087A75B0063741D /* AppDelegate.swift in Sources */,
				186C34EC2087ACDB0063741D /* LoginViewModel.swift in Sources */,
			);
			runOnlyForDeploymentPostprocessing = 0;
		};
/* End PBXSourcesBuildPhase section */

/* Begin PBXVariantGroup section */
		186C34DD2087A75B0063741D /* Main.storyboard */ = {
			isa = PBXVariantGroup;
			children = (
				186C34DE2087A75B0063741D /* Base */,
			);
			name = Main.storyboard;
			sourceTree = "<group>";
		};
		186C34E22087A75D0063741D /* LaunchScreen.storyboard */ = {
			isa = PBXVariantGroup;
			children = (
				186C34E32087A75D0063741D /* Base */,
			);
			name = LaunchScreen.storyboard;
			sourceTree = "<group>";
		};
/* End PBXVariantGroup section */

/* Begin XCBuildConfiguration section */
		186C34E62087A75D0063741D /* Debug */ = {
			isa = XCBuildConfiguration;
			buildSettings = {
				ALWAYS_SEARCH_USER_PATHS = NO;
				CLANG_ANALYZER_NONNULL = YES;
				CLANG_ANALYZER_NUMBER_OBJECT_CONVERSION = YES_AGGRESSIVE;
				CLANG_CXX_LANGUAGE_STANDARD = "gnu++14";
				CLANG_CXX_LIBRARY = "libc++";
				CLANG_ENABLE_MODULES = YES;
				CLANG_ENABLE_OBJC_ARC = YES;
				CLANG_ENABLE_OBJC_WEAK = YES;
				CLANG_WARN_BLOCK_CAPTURE_AUTORELEASING = YES;
				CLANG_WARN_BOOL_CONVERSION = YES;
				CLANG_WARN_COMMA = YES;
				CLANG_WARN_CONSTANT_CONVERSION = YES;
				CLANG_WARN_DEPRECATED_OBJC_IMPLEMENTATIONS = YES;
				CLANG_WARN_DIRECT_OBJC_ISA_USAGE = YES_ERROR;
				CLANG_WARN_DOCUMENTATION_COMMENTS = YES;
				CLANG_WARN_EMPTY_BODY = YES;
				CLANG_WARN_ENUM_CONVERSION = YES;
				CLANG_WARN_INFINITE_RECURSION = YES;
				CLANG_WARN_INT_CONVERSION = YES;
				CLANG_WARN_NON_LITERAL_NULL_CONVERSION = YES;
				CLANG_WARN_OBJC_IMPLICIT_RETAIN_SELF = YES;
				CLANG_WARN_OBJC_LITERAL_CONVERSION = YES;
				CLANG_WARN_OBJC_ROOT_CLASS = YES_ERROR;
				CLANG_WARN_RANGE_LOOP_ANALYSIS = YES;
				CLANG_WARN_STRICT_PROTOTYPES = YES;
				CLANG_WARN_SUSPICIOUS_MOVE = YES;
				CLANG_WARN_UNGUARDED_AVAILABILITY = YES_AGGRESSIVE;
				CLANG_WARN_UNREACHABLE_CODE = YES;
				CLANG_WARN__DUPLICATE_METHOD_MATCH = YES;
				CODE_SIGN_IDENTITY = "iPhone Developer";
				COPY_PHASE_STRIP = NO;
				DEBUG_INFORMATION_FORMAT = dwarf;
				ENABLE_STRICT_OBJC_MSGSEND = YES;
				ENABLE_TESTABILITY = YES;
				GCC_C_LANGUAGE_STANDARD = gnu11;
				GCC_DYNAMIC_NO_PIC = NO;
				GCC_NO_COMMON_BLOCKS = YES;
				GCC_OPTIMIZATION_LEVEL = 0;
				GCC_PREPROCESSOR_DEFINITIONS = (
					"DEBUG=1",
					"$(inherited)",
				);
				GCC_WARN_64_TO_32_BIT_CONVERSION = YES;
				GCC_WARN_ABOUT_RETURN_TYPE = YES_ERROR;
				GCC_WARN_UNDECLARED_SELECTOR = YES;
				GCC_WARN_UNINITIALIZED_AUTOS = YES_AGGRESSIVE;
				GCC_WARN_UNUSED_FUNCTION = YES;
				GCC_WARN_UNUSED_VARIABLE = YES;
				IPHONEOS_DEPLOYMENT_TARGET = 11.3;
				MTL_ENABLE_DEBUG_INFO = YES;
				ONLY_ACTIVE_ARCH = YES;
				SDKROOT = iphoneos;
				SWIFT_ACTIVE_COMPILATION_CONDITIONS = DEBUG;
				SWIFT_OPTIMIZATION_LEVEL = "-Onone";
			};
			name = Debug;
		};
		186C34E72087A75D0063741D /* Release */ = {
			isa = XCBuildConfiguration;
			buildSettings = {
				ALWAYS_SEARCH_USER_PATHS = NO;
				CLANG_ANALYZER_NONNULL = YES;
				CLANG_ANALYZER_NUMBER_OBJECT_CONVERSION = YES_AGGRESSIVE;
				CLANG_CXX_LANGUAGE_STANDARD = "gnu++14";
				CLANG_CXX_LIBRARY = "libc++";
				CLANG_ENABLE_MODULES = YES;
				CLANG_ENABLE_OBJC_ARC = YES;
				CLANG_ENABLE_OBJC_WEAK = YES;
				CLANG_WARN_BLOCK_CAPTURE_AUTORELEASING = YES;
				CLANG_WARN_BOOL_CONVERSION = YES;
				CLANG_WARN_COMMA = YES;
				CLANG_WARN_CONSTANT_CONVERSION = YES;
				CLANG_WARN_DEPRECATED_OBJC_IMPLEMENTATIONS = YES;
				CLANG_WARN_DIRECT_OBJC_ISA_USAGE = YES_ERROR;
				CLANG_WARN_DOCUMENTATION_COMMENTS = YES;
				CLANG_WARN_EMPTY_BODY = YES;
				CLANG_WARN_ENUM_CONVERSION = YES;
				CLANG_WARN_INFINITE_RECURSION = YES;
				CLANG_WARN_INT_CONVERSION = YES;
				CLANG_WARN_NON_LITERAL_NULL_CONVERSION = YES;
				CLANG_WARN_OBJC_IMPLICIT_RETAIN_SELF = YES;
				CLANG_WARN_OBJC_LITERAL_CONVERSION = YES;
				CLANG_WARN_OBJC_ROOT_CLASS = YES_ERROR;
				CLANG_WARN_RANGE_LOOP_ANALYSIS = YES;
				CLANG_WARN_STRICT_PROTOTYPES = YES;
				CLANG_WARN_SUSPICIOUS_MOVE = YES;
				CLANG_WARN_UNGUARDED_AVAILABILITY = YES_AGGRESSIVE;
				CLANG_WARN_UNREACHABLE_CODE = YES;
				CLANG_WARN__DUPLICATE_METHOD_MATCH = YES;
				CODE_SIGN_IDENTITY = "iPhone Developer";
				COPY_PHASE_STRIP = NO;
				DEBUG_INFORMATION_FORMAT = "dwarf-with-dsym";
				ENABLE_NS_ASSERTIONS = NO;
				ENABLE_STRICT_OBJC_MSGSEND = YES;
				GCC_C_LANGUAGE_STANDARD = gnu11;
				GCC_NO_COMMON_BLOCKS = YES;
				GCC_WARN_64_TO_32_BIT_CONVERSION = YES;
				GCC_WARN_ABOUT_RETURN_TYPE = YES_ERROR;
				GCC_WARN_UNDECLARED_SELECTOR = YES;
				GCC_WARN_UNINITIALIZED_AUTOS = YES_AGGRESSIVE;
				GCC_WARN_UNUSED_FUNCTION = YES;
				GCC_WARN_UNUSED_VARIABLE = YES;
				IPHONEOS_DEPLOYMENT_TARGET = 11.3;
				MTL_ENABLE_DEBUG_INFO = NO;
				SDKROOT = iphoneos;
				SWIFT_COMPILATION_MODE = wholemodule;
				SWIFT_OPTIMIZATION_LEVEL = "-O";
				VALIDATE_PRODUCT = YES;
			};
			name = Release;
		};
		186C34E92087A75D0063741D /* Debug */ = {
			isa = XCBuildConfiguration;
			baseConfigurationReference = 86ED42E9C3932914C7C8FD26 /* Pods-login_RxSwift.debug.xcconfig */;
			buildSettings = {
				ASSETCATALOG_COMPILER_APPICON_NAME = AppIcon;
				CODE_SIGN_STYLE = Automatic;
				INFOPLIST_FILE = login_RxSwift/Info.plist;
				LD_RUNPATH_SEARCH_PATHS = (
					"$(inherited)",
					"@executable_path/Frameworks",
				);
				PRODUCT_BUNDLE_IDENTIFIER = "lccj.login-RxSwift";
				PRODUCT_NAME = "$(TARGET_NAME)";
				SWIFT_VERSION = 4.0;
				TARGETED_DEVICE_FAMILY = "1,2";
			};
			name = Debug;
		};
		186C34EA2087A75D0063741D /* Release */ = {
			isa = XCBuildConfiguration;
			baseConfigurationReference = FC7B805A1E701AD7E4324E82 /* Pods-login_RxSwift.release.xcconfig */;
			buildSettings = {
				ASSETCATALOG_COMPILER_APPICON_NAME = AppIcon;
				CODE_SIGN_STYLE = Automatic;
				INFOPLIST_FILE = login_RxSwift/Info.plist;
				LD_RUNPATH_SEARCH_PATHS = (
					"$(inherited)",
					"@executable_path/Frameworks",
				);
				PRODUCT_BUNDLE_IDENTIFIER = "lccj.login-RxSwift";
				PRODUCT_NAME = "$(TARGET_NAME)";
				SWIFT_VERSION = 4.0;
				TARGETED_DEVICE_FAMILY = "1,2";
			};
			name = Release;
		};
/* End XCBuildConfiguration section */

/* Begin XCConfigurationList section */
		186C34D12087A75B0063741D /* Build configuration list for PBXProject "login_RxSwift" */ = {
			isa = XCConfigurationList;
			buildConfigurations = (
				186C34E62087A75D0063741D /* Debug */,
				186C34E72087A75D0063741D /* Release */,
			);
			defaultConfigurationIsVisible = 0;
			defaultConfigurationName = Release;
		};
		186C34E82087A75D0063741D /* Build configuration list for PBXNativeTarget "login_RxSwift" */ = {
			isa = XCConfigurationList;
			buildConfigurations = (
				186C34E92087A75D0063741D /* Debug */,
				186C34EA2087A75D0063741D /* Release */,
			);
			defaultConfigurationIsVisible = 0;
			defaultConfigurationName = Release;
		};
/* End XCConfigurationList section */
	};
	rootObject = 186C34CE2087A75B0063741D /* Project object */;
}
